
Microsoft Visual Studio Solution File, Format Version 12.00
# Visual Studio Version 17
VisualStudioVersion = 17.3.32922.545
MinimumVisualStudioVersion = 10.0.40219.1
Project("{9A19103F-16F7-4668-BE54-9A1E7A4F7556}") = "P01-TreesExercise", "P01-TreesExercise\P01-TreesExercise.csproj", "{AA29D971-3C9A-465A-9854-5879B05374AA}"
EndProject
Project("{FAE04EC0-301F-11D3-BF4B-00C04F79EFBC}") = "P02-FindFileOnHardDriveWithDFS", "P02-FindFileOnHardDriveWithDFS\P02-FindFileOnHardDriveWithDFS.csproj", "{88AFAD49-36B0-4AD1-A0F5-5DC7B628C65B}"
EndProject
Global
	GlobalSection(SolutionConfigurationPlatforms) = preSolution
		Debug|Any CPU = Debug|Any CPU
		Release|Any CPU = Release|Any CPU
	EndGlobalSection
	GlobalSection(ProjectConfigurationPlatforms) = postSolution
		{AA29D971-3C9A-465A-9854-5879B05374AA}.Debug|Any CPU.ActiveCfg = Debug|Any CPU
		{AA29D971-3C9A-465A-9854-5879B05374AA}.Debug|Any CPU.Build.0 = Debug|Any CPU
		{AA29D971-3C9A-465A-9854-5879B05374AA}.Release|Any CPU.ActiveCfg = Release|Any CPU
		{AA29D971-3C9A-465A-9854-5879B05374AA}.Release|Any CPU.Build.0 = Release|Any CPU
		{88AFAD49-36B0-4AD1-A0F5-5DC7B628C65B}.Debug|Any CPU.ActiveCfg = Debug|Any CPU
		{88AFAD49-36B0-4AD1-A0F5-5DC7B628C65B}.Debug|Any CPU.Build.0 = Debug|Any CPU
		{88AFAD49-36B0-4AD1-A0F5-5DC7B628C65B}.Release|Any CPU.ActiveCfg = Release|Any CPU
		{88AFAD49-36B0-4AD1-A0F5-5DC7B628C65B}.Release|Any CPU.Build.0 = Release|Any CPU
	EndGlobalSection
	GlobalSection(SolutionProperties) = preSolution
		HideSolutionNode = FALSE
	EndGlobalSection
	GlobalSection(ExtensibilityGlobals) = postSolution
		SolutionGuid = {58655C56-D11A-4997-885C-CF976C11657E}
	EndGlobalSection
EndGlobal
