
Microsoft Visual Studio Solution File, Format Version 12.00
# Visual Studio Version 17
VisualStudioVersion = 17.3.32922.545
MinimumVisualStudioVersion = 10.0.40219.1
Project("{9A19103F-16F7-4668-BE54-9A1E7A4F7556}") = "P01-EvenLines", "P01-EvenLines\P01-EvenLines.csproj", "{45472E1E-49E1-49D6-8CF4-BADCBC9E798C}"
EndProject
Project("{FAE04EC0-301F-11D3-BF4B-00C04F79EFBC}") = "P02-LineNumbers", "P02-LineNumbers\P02-LineNumbers.csproj", "{AC6F37FB-30FB-43AB-9AEB-9ED263B6347A}"
EndProject
Project("{FAE04EC0-301F-11D3-BF4B-00C04F79EFBC}") = "P03-CopyBinaryFile", "P03-CopyBinaryFile\P03-CopyBinaryFile.csproj", "{9FF17604-8D4F-4B85-B066-38F72B80582C}"
EndProject
Global
	GlobalSection(SolutionConfigurationPlatforms) = preSolution
		Debug|Any CPU = Debug|Any CPU
		Release|Any CPU = Release|Any CPU
	EndGlobalSection
	GlobalSection(ProjectConfigurationPlatforms) = postSolution
		{45472E1E-49E1-49D6-8CF4-BADCBC9E798C}.Debug|Any CPU.ActiveCfg = Debug|Any CPU
		{45472E1E-49E1-49D6-8CF4-BADCBC9E798C}.Debug|Any CPU.Build.0 = Debug|Any CPU
		{45472E1E-49E1-49D6-8CF4-BADCBC9E798C}.Release|Any CPU.ActiveCfg = Release|Any CPU
		{45472E1E-49E1-49D6-8CF4-BADCBC9E798C}.Release|Any CPU.Build.0 = Release|Any CPU
		{AC6F37FB-30FB-43AB-9AEB-9ED263B6347A}.Debug|Any CPU.ActiveCfg = Debug|Any CPU
		{AC6F37FB-30FB-43AB-9AEB-9ED263B6347A}.Debug|Any CPU.Build.0 = Debug|Any CPU
		{AC6F37FB-30FB-43AB-9AEB-9ED263B6347A}.Release|Any CPU.ActiveCfg = Release|Any CPU
		{AC6F37FB-30FB-43AB-9AEB-9ED263B6347A}.Release|Any CPU.Build.0 = Release|Any CPU
		{9FF17604-8D4F-4B85-B066-38F72B80582C}.Debug|Any CPU.ActiveCfg = Debug|Any CPU
		{9FF17604-8D4F-4B85-B066-38F72B80582C}.Debug|Any CPU.Build.0 = Debug|Any CPU
		{9FF17604-8D4F-4B85-B066-38F72B80582C}.Release|Any CPU.ActiveCfg = Release|Any CPU
		{9FF17604-8D4F-4B85-B066-38F72B80582C}.Release|Any CPU.Build.0 = Release|Any CPU
	EndGlobalSection
	GlobalSection(SolutionProperties) = preSolution
		HideSolutionNode = FALSE
	EndGlobalSection
	GlobalSection(ExtensibilityGlobals) = postSolution
		SolutionGuid = {6BC58C4E-11EF-4ADF-99A6-CD0A264944B1}
	EndGlobalSection
EndGlobal
